{
  "name": "@oudy/mongodb",
  "version": "1.0.6",
  "lockfileVersion": 1,
  "requires": true,
  "dependencies": {
    "@oudy/drivers": {
      "version": "1.0.0"
    },
    "dataloader": {
      "version": "1.4.0",
      "resolved": "https://registry.npmjs.org/dataloader/-/dataloader-1.4.0.tgz",
      "integrity": "sha512-68s5jYdlvasItOJnCuI2Q9s4q98g0pCyL3HrcKJu8KNugUl8ahgmZYg38ysLTgQjjXX3H8CJLkAvWrclWfcalw=="
    },
    "mongodb": {
      "version": "3.2.4",
      "resolved": "https://registry.npmjs.org/mongodb/-/mongodb-3.2.4.tgz",
      "integrity": "sha512-tjuwdRb89oyCamBG9lWkb7Sf4L/XJ0hsTC22NkbECl3j2X8n+rM+ZlK3dyIPdaJXdc4FOKIRd9dodVJgCtsYMA==",
      "requires": {
        "mongodb-core": "3.2.4",
        "safe-buffer": "^5.1.2"
      }
    },
    "sift": {
      "version": "7.0.1",
      "resolved": "https://registry.npmjs.org/sift/-/sift-7.0.1.tgz",
      "integrity": "sha512-oqD7PMJ+uO6jV9EQCl0LrRw1OwsiPsiFQR5AR30heR+4Dl7jBBbDLnNvWiak20tzZlSE1H7RB30SX/1j/YYT7g=="
    }
  }
}
